
Microsoft Visual Studio Solution File, Format Version 12.00
# Visual Studio 15
VisualStudioVersion = 15.0.28307.421
MinimumVisualStudioVersion = 10.0.40219.1
Project("{8BC9CEB8-8B4A-11D0-8D11-00A0C91BC942}") = "MDU118", "MDU118\MDU118.vcxproj", "{72299CB4-E98F-49D9-9875-5DCC325639E4}"
EndProject
Project("{8BC9CEB8-8B4A-11D0-8D11-00A0C91BC942}") = "SFML Template", "SFML Template\SFML Template.vcxproj", "{149E308A-2E98-45DA-A490-18F8A21332D7}"
EndProject
Project("{8BC9CEB8-8B4A-11D0-8D11-00A0C91BC942}") = "LevelEditor", "LevelEditor\LevelEditor.vcxproj", "{2347402B-05D6-4535-A2F3-2B93488CA21B}"
EndProject
Project("{8BC9CEB8-8B4A-11D0-8D11-00A0C91BC942}") = "Pointers", "Pointers\Pointers.vcxproj", "{628815D7-8791-4B01-90AE-9C58EC29CB22}"
EndProject
Project("{8BC9CEB8-8B4A-11D0-8D11-00A0C91BC942}") = "DynamicMemory", "DynamicMemory\DynamicMemory.vcxproj", "{321C1B57-450A-4B22-BDE8-183A890B6ED0}"
EndProject
Project("{8BC9CEB8-8B4A-11D0-8D11-00A0C91BC942}") = "Templates", "Templates\Templates.vcxproj", "{A354AFD9-14AE-446A-9C1A-7B3996297811}"
EndProject
Project("{8BC9CEB8-8B4A-11D0-8D11-00A0C91BC942}") = "DynamicArrays", "DynamicArrays\DynamicArrays.vcxproj", "{B909B0F6-B6FA-48DA-B89B-40D6FAB882D5}"
EndProject
Project("{8BC9CEB8-8B4A-11D0-8D11-00A0C91BC942}") = "Classes", "Classes\Classes.vcxproj", "{337B06C4-0FDB-4F7A-B76C-8B0B88DBFADB}"
EndProject
Project("{8BC9CEB8-8B4A-11D0-8D11-00A0C91BC942}") = "FileReader", "FileReader\FileReader.vcxproj", "{6F40BAF4-9FBA-4930-ACF2-E9480899BCF0}"
EndProject
Project("{8BC9CEB8-8B4A-11D0-8D11-00A0C91BC942}") = "FileOuputer", "FileOuputer\FileOuputer.vcxproj", "{F54E6119-75FC-4CB7-BB0B-BEA5775432F4}"
EndProject
Global
	GlobalSection(SolutionConfigurationPlatforms) = preSolution
		Debug|x64 = Debug|x64
		Debug|x86 = Debug|x86
		Release|x64 = Release|x64
		Release|x86 = Release|x86
	EndGlobalSection
	GlobalSection(ProjectConfigurationPlatforms) = postSolution
		{72299CB4-E98F-49D9-9875-5DCC325639E4}.Debug|x64.ActiveCfg = Debug|x64
		{72299CB4-E98F-49D9-9875-5DCC325639E4}.Debug|x64.Build.0 = Debug|x64
		{72299CB4-E98F-49D9-9875-5DCC325639E4}.Debug|x86.ActiveCfg = Debug|Win32
		{72299CB4-E98F-49D9-9875-5DCC325639E4}.Debug|x86.Build.0 = Debug|Win32
		{72299CB4-E98F-49D9-9875-5DCC325639E4}.Release|x64.ActiveCfg = Release|x64
		{72299CB4-E98F-49D9-9875-5DCC325639E4}.Release|x64.Build.0 = Release|x64
		{72299CB4-E98F-49D9-9875-5DCC325639E4}.Release|x86.ActiveCfg = Release|Win32
		{72299CB4-E98F-49D9-9875-5DCC325639E4}.Release|x86.Build.0 = Release|Win32
		{149E308A-2E98-45DA-A490-18F8A21332D7}.Debug|x64.ActiveCfg = Debug|x64
		{149E308A-2E98-45DA-A490-18F8A21332D7}.Debug|x64.Build.0 = Debug|x64
		{149E308A-2E98-45DA-A490-18F8A21332D7}.Debug|x86.ActiveCfg = Debug|Win32
		{149E308A-2E98-45DA-A490-18F8A21332D7}.Debug|x86.Build.0 = Debug|Win32
		{149E308A-2E98-45DA-A490-18F8A21332D7}.Release|x64.ActiveCfg = Release|x64
		{149E308A-2E98-45DA-A490-18F8A21332D7}.Release|x64.Build.0 = Release|x64
		{149E308A-2E98-45DA-A490-18F8A21332D7}.Release|x86.ActiveCfg = Release|Win32
		{149E308A-2E98-45DA-A490-18F8A21332D7}.Release|x86.Build.0 = Release|Win32
		{2347402B-05D6-4535-A2F3-2B93488CA21B}.Debug|x64.ActiveCfg = Debug|x64
		{2347402B-05D6-4535-A2F3-2B93488CA21B}.Debug|x64.Build.0 = Debug|x64
		{2347402B-05D6-4535-A2F3-2B93488CA21B}.Debug|x86.ActiveCfg = Debug|Win32
		{2347402B-05D6-4535-A2F3-2B93488CA21B}.Debug|x86.Build.0 = Debug|Win32
		{2347402B-05D6-4535-A2F3-2B93488CA21B}.Release|x64.ActiveCfg = Release|x64
		{2347402B-05D6-4535-A2F3-2B93488CA21B}.Release|x64.Build.0 = Release|x64
		{2347402B-05D6-4535-A2F3-2B93488CA21B}.Release|x86.ActiveCfg = Release|Win32
		{2347402B-05D6-4535-A2F3-2B93488CA21B}.Release|x86.Build.0 = Release|Win32
		{628815D7-8791-4B01-90AE-9C58EC29CB22}.Debug|x64.ActiveCfg = Debug|x64
		{628815D7-8791-4B01-90AE-9C58EC29CB22}.Debug|x64.Build.0 = Debug|x64
		{628815D7-8791-4B01-90AE-9C58EC29CB22}.Debug|x86.ActiveCfg = Debug|Win32
		{628815D7-8791-4B01-90AE-9C58EC29CB22}.Debug|x86.Build.0 = Debug|Win32
		{628815D7-8791-4B01-90AE-9C58EC29CB22}.Release|x64.ActiveCfg = Release|x64
		{628815D7-8791-4B01-90AE-9C58EC29CB22}.Release|x64.Build.0 = Release|x64
		{628815D7-8791-4B01-90AE-9C58EC29CB22}.Release|x86.ActiveCfg = Release|Win32
		{628815D7-8791-4B01-90AE-9C58EC29CB22}.Release|x86.Build.0 = Release|Win32
		{321C1B57-450A-4B22-BDE8-183A890B6ED0}.Debug|x64.ActiveCfg = Debug|x64
		{321C1B57-450A-4B22-BDE8-183A890B6ED0}.Debug|x64.Build.0 = Debug|x64
		{321C1B57-450A-4B22-BDE8-183A890B6ED0}.Debug|x86.ActiveCfg = Debug|Win32
		{321C1B57-450A-4B22-BDE8-183A890B6ED0}.Debug|x86.Build.0 = Debug|Win32
		{321C1B57-450A-4B22-BDE8-183A890B6ED0}.Release|x64.ActiveCfg = Release|x64
		{321C1B57-450A-4B22-BDE8-183A890B6ED0}.Release|x64.Build.0 = Release|x64
		{321C1B57-450A-4B22-BDE8-183A890B6ED0}.Release|x86.ActiveCfg = Release|Win32
		{321C1B57-450A-4B22-BDE8-183A890B6ED0}.Release|x86.Build.0 = Release|Win32
		{A354AFD9-14AE-446A-9C1A-7B3996297811}.Debug|x64.ActiveCfg = Debug|x64
		{A354AFD9-14AE-446A-9C1A-7B3996297811}.Debug|x64.Build.0 = Debug|x64
		{A354AFD9-14AE-446A-9C1A-7B3996297811}.Debug|x86.ActiveCfg = Debug|Win32
		{A354AFD9-14AE-446A-9C1A-7B3996297811}.Debug|x86.Build.0 = Debug|Win32
		{A354AFD9-14AE-446A-9C1A-7B3996297811}.Release|x64.ActiveCfg = Release|x64
		{A354AFD9-14AE-446A-9C1A-7B3996297811}.Release|x64.Build.0 = Release|x64
		{A354AFD9-14AE-446A-9C1A-7B3996297811}.Release|x86.ActiveCfg = Release|Win32
		{A354AFD9-14AE-446A-9C1A-7B3996297811}.Release|x86.Build.0 = Release|Win32
		{B909B0F6-B6FA-48DA-B89B-40D6FAB882D5}.Debug|x64.ActiveCfg = Debug|x64
		{B909B0F6-B6FA-48DA-B89B-40D6FAB882D5}.Debug|x64.Build.0 = Debug|x64
		{B909B0F6-B6FA-48DA-B89B-40D6FAB882D5}.Debug|x86.ActiveCfg = Debug|Win32
		{B909B0F6-B6FA-48DA-B89B-40D6FAB882D5}.Debug|x86.Build.0 = Debug|Win32
		{B909B0F6-B6FA-48DA-B89B-40D6FAB882D5}.Release|x64.ActiveCfg = Release|x64
		{B909B0F6-B6FA-48DA-B89B-40D6FAB882D5}.Release|x64.Build.0 = Release|x64
		{B909B0F6-B6FA-48DA-B89B-40D6FAB882D5}.Release|x86.ActiveCfg = Release|Win32
		{B909B0F6-B6FA-48DA-B89B-40D6FAB882D5}.Release|x86.Build.0 = Release|Win32
		{337B06C4-0FDB-4F7A-B76C-8B0B88DBFADB}.Debug|x64.ActiveCfg = Debug|x64
		{337B06C4-0FDB-4F7A-B76C-8B0B88DBFADB}.Debug|x64.Build.0 = Debug|x64
		{337B06C4-0FDB-4F7A-B76C-8B0B88DBFADB}.Debug|x86.ActiveCfg = Debug|Win32
		{337B06C4-0FDB-4F7A-B76C-8B0B88DBFADB}.Debug|x86.Build.0 = Debug|Win32
		{337B06C4-0FDB-4F7A-B76C-8B0B88DBFADB}.Release|x64.ActiveCfg = Release|x64
		{337B06C4-0FDB-4F7A-B76C-8B0B88DBFADB}.Release|x64.Build.0 = Release|x64
		{337B06C4-0FDB-4F7A-B76C-8B0B88DBFADB}.Release|x86.ActiveCfg = Release|Win32
		{337B06C4-0FDB-4F7A-B76C-8B0B88DBFADB}.Release|x86.Build.0 = Release|Win32
		{6F40BAF4-9FBA-4930-ACF2-E9480899BCF0}.Debug|x64.ActiveCfg = Debug|x64
		{6F40BAF4-9FBA-4930-ACF2-E9480899BCF0}.Debug|x64.Build.0 = Debug|x64
		{6F40BAF4-9FBA-4930-ACF2-E9480899BCF0}.Debug|x86.ActiveCfg = Debug|Win32
		{6F40BAF4-9FBA-4930-ACF2-E9480899BCF0}.Debug|x86.Build.0 = Debug|Win32
		{6F40BAF4-9FBA-4930-ACF2-E9480899BCF0}.Release|x64.ActiveCfg = Release|x64
		{6F40BAF4-9FBA-4930-ACF2-E9480899BCF0}.Release|x64.Build.0 = Release|x64
		{6F40BAF4-9FBA-4930-ACF2-E9480899BCF0}.Release|x86.ActiveCfg = Release|Win32
		{6F40BAF4-9FBA-4930-ACF2-E9480899BCF0}.Release|x86.Build.0 = Release|Win32
		{F54E6119-75FC-4CB7-BB0B-BEA5775432F4}.Debug|x64.ActiveCfg = Debug|x64
		{F54E6119-75FC-4CB7-BB0B-BEA5775432F4}.Debug|x64.Build.0 = Debug|x64
		{F54E6119-75FC-4CB7-BB0B-BEA5775432F4}.Debug|x86.ActiveCfg = Debug|Win32
		{F54E6119-75FC-4CB7-BB0B-BEA5775432F4}.Debug|x86.Build.0 = Debug|Win32
		{F54E6119-75FC-4CB7-BB0B-BEA5775432F4}.Release|x64.ActiveCfg = Release|x64
		{F54E6119-75FC-4CB7-BB0B-BEA5775432F4}.Release|x64.Build.0 = Release|x64
		{F54E6119-75FC-4CB7-BB0B-BEA5775432F4}.Release|x86.ActiveCfg = Release|Win32
		{F54E6119-75FC-4CB7-BB0B-BEA5775432F4}.Release|x86.Build.0 = Release|Win32
	EndGlobalSection
	GlobalSection(SolutionProperties) = preSolution
		HideSolutionNode = FALSE
	EndGlobalSection
	GlobalSection(ExtensibilityGlobals) = postSolution
		SolutionGuid = {6814AA90-CF5D-4F58-8604-E56DEC4FFBE8}
	EndGlobalSection
EndGlobal
